
Microsoft Visual Studio Solution File, Format Version 12.00
# Visual Studio Version 17
VisualStudioVersion = 17.1.32228.430
MinimumVisualStudioVersion = 10.0.40219.1
Project("{FAE04EC0-301F-11D3-BF4B-00C04F79EFBC}") = "Calc", "Calc\Calc.csproj", "{68BFA7F3-8FF9-4696-8999-4272DD878B2F}"
EndProject
Project("{FAE04EC0-301F-11D3-BF4B-00C04F79EFBC}") = "CalcMSTest", "CalcMSTest\CalcMSTest.csproj", "{077B4DD2-7462-4A6C-96AF-59272760801A}"
EndProject
Global
	GlobalSection(SolutionConfigurationPlatforms) = preSolution
		Debug|Any CPU = Debug|Any CPU
		Release|Any CPU = Release|Any CPU
	EndGlobalSection
	GlobalSection(ProjectConfigurationPlatforms) = postSolution
		{68BFA7F3-8FF9-4696-8999-4272DD878B2F}.Debug|Any CPU.ActiveCfg = Debug|Any CPU
		{68BFA7F3-8FF9-4696-8999-4272DD878B2F}.Debug|Any CPU.Build.0 = Debug|Any CPU
		{68BFA7F3-8FF9-4696-8999-4272DD878B2F}.Release|Any CPU.ActiveCfg = Release|Any CPU
		{68BFA7F3-8FF9-4696-8999-4272DD878B2F}.Release|Any CPU.Build.0 = Release|Any CPU
		{077B4DD2-7462-4A6C-96AF-59272760801A}.Debug|Any CPU.ActiveCfg = Debug|Any CPU
		{077B4DD2-7462-4A6C-96AF-59272760801A}.Debug|Any CPU.Build.0 = Debug|Any CPU
		{077B4DD2-7462-4A6C-96AF-59272760801A}.Release|Any CPU.ActiveCfg = Release|Any CPU
		{077B4DD2-7462-4A6C-96AF-59272760801A}.Release|Any CPU.Build.0 = Release|Any CPU
	EndGlobalSection
	GlobalSection(SolutionProperties) = preSolution
		HideSolutionNode = FALSE
	EndGlobalSection
	GlobalSection(ExtensibilityGlobals) = postSolution
		SolutionGuid = {648F2F24-3CA4-48F2-88C4-73090F9C1E66}
	EndGlobalSection
EndGlobal
